// !$*UTF8*$!
{
	archiveVersion = 1;
	classes = {
	};
	objectVersion = 56;
	objects = {

/* Begin PBXBuildFile section */
		8F42888129BDF15000C1611C /* AppDelegate.swift in Sources */ = {isa = PBXBuildFile; fileRef = 8F42888029BDF15000C1611C /* AppDelegate.swift */; };
		8F42888329BDF15000C1611C /* ViewController.swift in Sources */ = {isa = PBXBuildFile; fileRef = 8F42888229BDF15000C1611C /* ViewController.swift */; };
		8F42888529BDF15100C1611C /* Assets.xcassets in Resources */ = {isa = PBXBuildFile; fileRef = 8F42888429BDF15100C1611C /* Assets.xcassets */; };
		8F42888829BDF15100C1611C /* Main.storyboard in Resources */ = {isa = PBXBuildFile; fileRef = 8F42888629BDF15100C1611C /* Main.storyboard */; };
		8F42889029BDF18E00C1611C /* SwiftWebSocketServer.swift in Sources */ = {isa = PBXBuildFile; fileRef = 8F42888F29BDF18E00C1611C /* SwiftWebSocketServer.swift */; };
/* End PBXBuildFile section */

/* Begin PBXContainerItemProxy section */
		8F8221C829BEB5D6008C54A0 /* PBXContainerItemProxy */ = {
			isa = PBXContainerItemProxy;
			containerPortal = 8F8221C429BEB5D6008C54A0 /* SwiftWebSocketClient.xcodeproj */;
			proxyType = 2;
			remoteGlobalIDString = 8F42889D29BE0F1800C1611C;
			remoteInfo = SwiftWebSocketClient;
		};
/* End PBXContainerItemProxy section */

/* Begin PBXFileReference section */
		8F42887D29BDF15000C1611C /* SwiftWebSocketServer.app */ = {isa = PBXFileReference; explicitFileType = wrapper.application; includeInIndex = 0; path = SwiftWebSocketServer.app; sourceTree = BUILT_PRODUCTS_DIR; };
		8F42888029BDF15000C1611C /* AppDelegate.swift */ = {isa = PBXFileReference; lastKnownFileType = sourcecode.swift; path = AppDelegate.swift; sourceTree = "<group>"; };
		8F42888229BDF15000C1611C /* ViewController.swift */ = {isa = PBXFileReference; lastKnownFileType = sourcecode.swift; path = ViewController.swift; sourceTree = "<group>"; };
		8F42888429BDF15100C1611C /* Assets.xcassets */ = {isa = PBXFileReference; lastKnownFileType = folder.assetcatalog; path = Assets.xcassets; sourceTree = "<group>"; };
		8F42888729BDF15100C1611C /* Base */ = {isa = PBXFileReference; lastKnownFileType = file.storyboard; name = Base; path = Base.lproj/Main.storyboard; sourceTree = "<group>"; };
		8F42888929BDF15100C1611C /* SwiftWebSocketServer.entitlements */ = {isa = PBXFileReference; lastKnownFileType = text.plist.entitlements; path = SwiftWebSocketServer.entitlements; sourceTree = "<group>"; };
		8F42888F29BDF18E00C1611C /* SwiftWebSocketServer.swift */ = {isa = PBXFileReference; lastKnownFileType = sourcecode.swift; path = SwiftWebSocketServer.swift; sourceTree = "<group>"; };
		8F42889129BE043700C1611C /* SwiftWebSocketServerDebug.entitlements */ = {isa = PBXFileReference; lastKnownFileType = text.plist.entitlements; path = SwiftWebSocketServerDebug.entitlements; sourceTree = "<group>"; };
		8F8221C429BEB5D6008C54A0 /* SwiftWebSocketClient.xcodeproj */ = {isa = PBXFileReference; lastKnownFileType = "wrapper.pb-project"; path = SwiftWebSocketClient.xcodeproj; sourceTree = "<group>"; };
/* End PBXFileReference section */

/* Begin PBXFrameworksBuildPhase section */
		8F42887A29BDF15000C1611C /* Frameworks */ = {
			isa = PBXFrameworksBuildPhase;
			buildActionMask = 2147483647;
			files = (
			);
			runOnlyForDeploymentPostprocessing = 0;
		};
/* End PBXFrameworksBuildPhase section */

/* Begin PBXGroup section */
		8F42887429BDF15000C1611C = {
			isa = PBXGroup;
			children = (
				8F42887F29BDF15000C1611C /* SwiftWebSocketServer */,
				8F4288B129BE10E400C1611C /* SwiftWebSocketClient */,
				8F42887E29BDF15000C1611C /* Products */,
			);
			sourceTree = "<group>";
		};
		8F42887E29BDF15000C1611C /* Products */ = {
			isa = PBXGroup;
			children = (
				8F42887D29BDF15000C1611C /* SwiftWebSocketServer.app */,
			);
			name = Products;
			sourceTree = "<group>";
		};
		8F42887F29BDF15000C1611C /* SwiftWebSocketServer */ = {
			isa = PBXGroup;
			children = (
				8F42889129BE043700C1611C /* SwiftWebSocketServerDebug.entitlements */,
				8F42888029BDF15000C1611C /* AppDelegate.swift */,
				8F42888229BDF15000C1611C /* ViewController.swift */,
				8F42888F29BDF18E00C1611C /* SwiftWebSocketServer.swift */,
				8F42888929BDF15100C1611C /* SwiftWebSocketServer.entitlements */,
				8F42888429BDF15100C1611C /* Assets.xcassets */,
				8F42888629BDF15100C1611C /* Main.storyboard */,
			);
			path = SwiftWebSocketServer;
			sourceTree = "<group>";
		};
		8F4288B129BE10E400C1611C /* SwiftWebSocketClient */ = {
			isa = PBXGroup;
			children = (
				8F8221C429BEB5D6008C54A0 /* SwiftWebSocketClient.xcodeproj */,
			);
			path = SwiftWebSocketClient;
			sourceTree = "<group>";
		};
		8F8221C529BEB5D6008C54A0 /* Products */ = {
			isa = PBXGroup;
			children = (
				8F8221C929BEB5D6008C54A0 /* SwiftWebSocketClient.app */,
			);
			name = Products;
			sourceTree = "<group>";
		};
/* End PBXGroup section */

/* Begin PBXNativeTarget section */
		8F42887C29BDF15000C1611C /* SwiftWebSocketServer */ = {
			isa = PBXNativeTarget;
			buildConfigurationList = 8F42888C29BDF15100C1611C /* Build configuration list for PBXNativeTarget "SwiftWebSocketServer" */;
			buildPhases = (
				8F42887929BDF15000C1611C /* Sources */,
				8F42887A29BDF15000C1611C /* Frameworks */,
				8F42887B29BDF15000C1611C /* Resources */,
			);
			buildRules = (
			);
			dependencies = (
			);
			name = SwiftWebSocketServer;
			productName = SwiftWebSocketServer;
			productReference = 8F42887D29BDF15000C1611C /* SwiftWebSocketServer.app */;
			productType = "com.apple.product-type.application";
		};
/* End PBXNativeTarget section */

/* Begin PBXProject section */
		8F42887529BDF15000C1611C /* Project object */ = {
			isa = PBXProject;
			attributes = {
				BuildIndependentTargetsInParallel = 1;
				LastSwiftUpdateCheck = 1410;
				LastUpgradeCheck = 1410;
				TargetAttributes = {
					8F42887C29BDF15000C1611C = {
						CreatedOnToolsVersion = 14.1;
					};
				};
			};
			buildConfigurationList = 8F42887829BDF15000C1611C /* Build configuration list for PBXProject "SwiftWebSocketServer" */;
			compatibilityVersion = "Xcode 14.0";
			developmentRegion = en;
			hasScannedForEncodings = 0;
			knownRegions = (
				en,
				Base,
			);
			mainGroup = 8F42887429BDF15000C1611C;
			productRefGroup = 8F42887E29BDF15000C1611C /* Products */;
			projectDirPath = "";
			projectReferences = (
				{
					ProductGroup = 8F8221C529BEB5D6008C54A0 /* Products */;
					ProjectRef = 8F8221C429BEB5D6008C54A0 /* SwiftWebSocketClient.xcodeproj */;
				},
			);
			projectRoot = "";
			targets = (
				8F42887C29BDF15000C1611C /* SwiftWebSocketServer */,
			);
		};
/* End PBXProject section */

/* Begin PBXReferenceProxy section */
		8F8221C929BEB5D6008C54A0 /* SwiftWebSocketClient.app */ = {
			isa = PBXReferenceProxy;
			fileType = wrapper.application;
			path = SwiftWebSocketClient.app;
			remoteRef = 8F8221C829BEB5D6008C54A0 /* PBXContainerItemProxy */;
			sourceTree = BUILT_PRODUCTS_DIR;
		};
/* End PBXReferenceProxy section */

/* Begin PBXResourcesBuildPhase section */
		8F42887B29BDF15000C1611C /* Resources */ = {
			isa = PBXResourcesBuildPhase;
			buildActionMask = 2147483647;
			files = (
				8F42888529BDF15100C1611C /* Assets.xcassets in Resources */,
				8F42888829BDF15100C1611C /* Main.storyboard in Resources */,
			);
			runOnlyForDeploymentPostprocessing = 0;
		};
/* End PBXResourcesBuildPhase section */

/* Begin PBXSourcesBuildPhase section */
		8F42887929BDF15000C1611C /* Sources */ = {
			isa = PBXSourcesBuildPhase;
			buildActionMask = 2147483647;
			files = (
				8F42889029BDF18E00C1611C /* SwiftWebSocketServer.swift in Sources */,
				8F42888329BDF15000C1611C /* ViewController.swift in Sources */,
				8F42888129BDF15000C1611C /* AppDelegate.swift in Sources */,
			);
			runOnlyForDeploymentPostprocessing = 0;
		};
/* End PBXSourcesBuildPhase section */

/* Begin PBXVariantGroup section */
		8F42888629BDF15100C1611C /* Main.storyboard */ = {
			isa = PBXVariantGroup;
			children = (
				8F42888729BDF15100C1611C /* Base */,
			);
			name = Main.storyboard;
			sourceTree = "<group>";
		};
/* End PBXVariantGroup section */

/* Begin XCBuildConfiguration section */
		8F42888A29BDF15100C1611C /* Debug */ = {
			isa = XCBuildConfiguration;
			buildSettings = {
				ALWAYS_SEARCH_USER_PATHS = NO;
				CLANG_ANALYZER_NONNULL = YES;
				CLANG_ANALYZER_NUMBER_OBJECT_CONVERSION = YES_AGGRESSIVE;
				CLANG_CXX_LANGUAGE_STANDARD = "gnu++20";
				CLANG_ENABLE_MODULES = YES;
				CLANG_ENABLE_OBJC_ARC = YES;
				CLANG_ENABLE_OBJC_WEAK = YES;
				CLANG_WARN_BLOCK_CAPTURE_AUTORELEASING = YES;
				CLANG_WARN_BOOL_CONVERSION = YES;
				CLANG_WARN_COMMA = YES;
				CLANG_WARN_CONSTANT_CONVERSION = YES;
				CLANG_WARN_DEPRECATED_OBJC_IMPLEMENTATIONS = YES;
				CLANG_WARN_DIRECT_OBJC_ISA_USAGE = YES_ERROR;
				CLANG_WARN_DOCUMENTATION_COMMENTS = YES;
				CLANG_WARN_EMPTY_BODY = YES;
				CLANG_WARN_ENUM_CONVERSION = YES;
				CLANG_WARN_INFINITE_RECURSION = YES;
				CLANG_WARN_INT_CONVERSION = YES;
				CLANG_WARN_NON_LITERAL_NULL_CONVERSION = YES;
				CLANG_WARN_OBJC_IMPLICIT_RETAIN_SELF = YES;
				CLANG_WARN_OBJC_LITERAL_CONVERSION = YES;
				CLANG_WARN_OBJC_ROOT_CLASS = YES_ERROR;
				CLANG_WARN_QUOTED_INCLUDE_IN_FRAMEWORK_HEADER = YES;
				CLANG_WARN_RANGE_LOOP_ANALYSIS = YES;
				CLANG_WARN_STRICT_PROTOTYPES = YES;
				CLANG_WARN_SUSPICIOUS_MOVE = YES;
				CLANG_WARN_UNGUARDED_AVAILABILITY = YES_AGGRESSIVE;
				CLANG_WARN_UNREACHABLE_CODE = YES;
				CLANG_WARN__DUPLICATE_METHOD_MATCH = YES;
				COPY_PHASE_STRIP = NO;
				DEBUG_INFORMATION_FORMAT = dwarf;
				ENABLE_STRICT_OBJC_MSGSEND = YES;
				ENABLE_TESTABILITY = YES;
				GCC_C_LANGUAGE_STANDARD = gnu11;
				GCC_DYNAMIC_NO_PIC = NO;
				GCC_NO_COMMON_BLOCKS = YES;
				GCC_OPTIMIZATION_LEVEL = 0;
				GCC_PREPROCESSOR_DEFINITIONS = (
					"DEBUG=1",
					"$(inherited)",
				);
				GCC_WARN_64_TO_32_BIT_CONVERSION = YES;
				GCC_WARN_ABOUT_RETURN_TYPE = YES_ERROR;
				GCC_WARN_UNDECLARED_SELECTOR = YES;
				GCC_WARN_UNINITIALIZED_AUTOS = YES_AGGRESSIVE;
				GCC_WARN_UNUSED_FUNCTION = YES;
				GCC_WARN_UNUSED_VARIABLE = YES;
				MACOSX_DEPLOYMENT_TARGET = 13.0;
				MTL_ENABLE_DEBUG_INFO = INCLUDE_SOURCE;
				MTL_FAST_MATH = YES;
				ONLY_ACTIVE_ARCH = YES;
				SDKROOT = macosx;
				SWIFT_ACTIVE_COMPILATION_CONDITIONS = DEBUG;
				SWIFT_OPTIMIZATION_LEVEL = "-Onone";
			};
			name = Debug;
		};
		8F42888B29BDF15100C1611C /* Release */ = {
			isa = XCBuildConfiguration;
			buildSettings = {
				ALWAYS_SEARCH_USER_PATHS = NO;
				CLANG_ANALYZER_NONNULL = YES;
				CLANG_ANALYZER_NUMBER_OBJECT_CONVERSION = YES_AGGRESSIVE;
				CLANG_CXX_LANGUAGE_STANDARD = "gnu++20";
				CLANG_ENABLE_MODULES = YES;
				CLANG_ENABLE_OBJC_ARC = YES;
				CLANG_ENABLE_OBJC_WEAK = YES;
				CLANG_WARN_BLOCK_CAPTURE_AUTORELEASING = YES;
				CLANG_WARN_BOOL_CONVERSION = YES;
				CLANG_WARN_COMMA = YES;
				CLANG_WARN_CONSTANT_CONVERSION = YES;
				CLANG_WARN_DEPRECATED_OBJC_IMPLEMENTATIONS = YES;
				CLANG_WARN_DIRECT_OBJC_ISA_USAGE = YES_ERROR;
				CLANG_WARN_DOCUMENTATION_COMMENTS = YES;
				CLANG_WARN_EMPTY_BODY = YES;
				CLANG_WARN_ENUM_CONVERSION = YES;
				CLANG_WARN_INFINITE_RECURSION = YES;
				CLANG_WARN_INT_CONVERSION = YES;
				CLANG_WARN_NON_LITERAL_NULL_CONVERSION = YES;
				CLANG_WARN_OBJC_IMPLICIT_RETAIN_SELF = YES;
				CLANG_WARN_OBJC_LITERAL_CONVERSION = YES;
				CLANG_WARN_OBJC_ROOT_CLASS = YES_ERROR;
				CLANG_WARN_QUOTED_INCLUDE_IN_FRAMEWORK_HEADER = YES;
				CLANG_WARN_RANGE_LOOP_ANALYSIS = YES;
				CLANG_WARN_STRICT_PROTOTYPES = YES;
				CLANG_WARN_SUSPICIOUS_MOVE = YES;
				CLANG_WARN_UNGUARDED_AVAILABILITY = YES_AGGRESSIVE;
				CLANG_WARN_UNREACHABLE_CODE = YES;
				CLANG_WARN__DUPLICATE_METHOD_MATCH = YES;
				COPY_PHASE_STRIP = NO;
				DEBUG_INFORMATION_FORMAT = "dwarf-with-dsym";
				ENABLE_NS_ASSERTIONS = NO;
				ENABLE_STRICT_OBJC_MSGSEND = YES;
				GCC_C_LANGUAGE_STANDARD = gnu11;
				GCC_NO_COMMON_BLOCKS = YES;
				GCC_WARN_64_TO_32_BIT_CONVERSION = YES;
				GCC_WARN_ABOUT_RETURN_TYPE = YES_ERROR;
				GCC_WARN_UNDECLARED_SELECTOR = YES;
				GCC_WARN_UNINITIALIZED_AUTOS = YES_AGGRESSIVE;
				GCC_WARN_UNUSED_FUNCTION = YES;
				GCC_WARN_UNUSED_VARIABLE = YES;
				MACOSX_DEPLOYMENT_TARGET = 13.0;
				MTL_ENABLE_DEBUG_INFO = NO;
				MTL_FAST_MATH = YES;
				SDKROOT = macosx;
				SWIFT_COMPILATION_MODE = wholemodule;
				SWIFT_OPTIMIZATION_LEVEL = "-O";
			};
			name = Release;
		};
		8F42888D29BDF15100C1611C /* Debug */ = {
			isa = XCBuildConfiguration;
			buildSettings = {
				ASSETCATALOG_COMPILER_APPICON_NAME = AppIcon;
				ASSETCATALOG_COMPILER_GLOBAL_ACCENT_COLOR_NAME = AccentColor;
				CODE_SIGN_ENTITLEMENTS = SwiftWebSocketServer/SwiftWebSocketServerDebug.entitlements;
				CODE_SIGN_STYLE = Automatic;
				COMBINE_HIDPI_IMAGES = YES;
				CURRENT_PROJECT_VERSION = 1;
				DEVELOPMENT_TEAM = QW8FL6CWBT;
				ENABLE_HARDENED_RUNTIME = YES;
				GENERATE_INFOPLIST_FILE = YES;
				INFOPLIST_KEY_NSHumanReadableCopyright = "";
				INFOPLIST_KEY_NSMainStoryboardFile = Main;
				INFOPLIST_KEY_NSPrincipalClass = NSApplication;
				LD_RUNPATH_SEARCH_PATHS = (
					"$(inherited)",
					"@executable_path/../Frameworks",
				);
				MARKETING_VERSION = 1.0;
				PRODUCT_BUNDLE_IDENTIFIER = unchain.SwiftWebSocketServer;
				PRODUCT_NAME = "$(TARGET_NAME)";
				SWIFT_EMIT_LOC_STRINGS = YES;
				SWIFT_VERSION = 5.0;
			};
			name = Debug;
		};
		8F42888E29BDF15100C1611C /* Release */ = {
			isa = XCBuildConfiguration;
			buildSettings = {
				ASSETCATALOG_COMPILER_APPICON_NAME = AppIcon;
				ASSETCATALOG_COMPILER_GLOBAL_ACCENT_COLOR_NAME = AccentColor;
				CODE_SIGN_ENTITLEMENTS = SwiftWebSocketServer/SwiftWebSocketServer.entitlements;
				CODE_SIGN_STYLE = Automatic;
				COMBINE_HIDPI_IMAGES = YES;
				CURRENT_PROJECT_VERSION = 1;
				DEVELOPMENT_TEAM = QW8FL6CWBT;
				ENABLE_HARDENED_RUNTIME = YES;
				GENERATE_INFOPLIST_FILE = YES;
				INFOPLIST_KEY_NSHumanReadableCopyright = "";
				INFOPLIST_KEY_NSMainStoryboardFile = Main;
				INFOPLIST_KEY_NSPrincipalClass = NSApplication;
				LD_RUNPATH_SEARCH_PATHS = (
					"$(inherited)",
					"@executable_path/../Frameworks",
				);
				MARKETING_VERSION = 1.0;
				PRODUCT_BUNDLE_IDENTIFIER = unchain.SwiftWebSocketServer;
				PRODUCT_NAME = "$(TARGET_NAME)";
				SWIFT_EMIT_LOC_STRINGS = YES;
				SWIFT_VERSION = 5.0;
			};
			name = Release;
		};
/* End XCBuildConfiguration section */

/* Begin XCConfigurationList section */
		8F42887829BDF15000C1611C /* Build configuration list for PBXProject "SwiftWebSocketServer" */ = {
			isa = XCConfigurationList;
			buildConfigurations = (
				8F42888A29BDF15100C1611C /* Debug */,
				8F42888B29BDF15100C1611C /* Release */,
			);
			defaultConfigurationIsVisible = 0;
			defaultConfigurationName = Release;
		};
		8F42888C29BDF15100C1611C /* Build configuration list for PBXNativeTarget "SwiftWebSocketServer" */ = {
			isa = XCConfigurationList;
			buildConfigurations = (
				8F42888D29BDF15100C1611C /* Debug */,
				8F42888E29BDF15100C1611C /* Release */,
			);
			defaultConfigurationIsVisible = 0;
			defaultConfigurationName = Release;
		};
/* End XCConfigurationList section */
	};
	rootObject = 8F42887529BDF15000C1611C /* Project object */;
}
